
Microsoft Visual Studio Solution File, Format Version 12.00
# Visual Studio 15
VisualStudioVersion = 15.0.27703.2042
MinimumVisualStudioVersion = 10.0.40219.1
Project("{FAE04EC0-301F-11D3-BF4B-00C04F79EFBC}") = "IpSetter", "IpSetter\IpSetter.csproj", "{CCACD331-1826-47DF-A914-C118FEBB0A10}"
EndProject
Global
	GlobalSection(SolutionConfigurationPlatforms) = preSolution
		Debug|Any CPU = Debug|Any CPU
		Release|Any CPU = Release|Any CPU
	EndGlobalSection
	GlobalSection(ProjectConfigurationPlatforms) = postSolution
		{CCACD331-1826-47DF-A914-C118FEBB0A10}.Debug|Any CPU.ActiveCfg = Debug|Any CPU
		{CCACD331-1826-47DF-A914-C118FEBB0A10}.Debug|Any CPU.Build.0 = Debug|Any CPU
		{CCACD331-1826-47DF-A914-C118FEBB0A10}.Release|Any CPU.ActiveCfg = Release|Any CPU
		{CCACD331-1826-47DF-A914-C118FEBB0A10}.Release|Any CPU.Build.0 = Release|Any CPU
	EndGlobalSection
	GlobalSection(SolutionProperties) = preSolution
		HideSolutionNode = FALSE
	EndGlobalSection
	GlobalSection(ExtensibilityGlobals) = postSolution
		SolutionGuid = {3F4EB1F1-1949-4ECE-B6FC-4A965805A9EC}
	EndGlobalSection
EndGlobal
